// !$*UTF8*$!
{
	archiveVersion = 1;
	classes = {
	};
	objectVersion = 46;
	objects = {

/* Begin PBXBuildFile section */
		045629BD1E883E8C00BAF949 /* AppDelegate.swift in Sources */ = {isa = PBXBuildFile; fileRef = 045629BC1E883E8C00BAF949 /* AppDelegate.swift */; };
		045629BF1E883E8C00BAF949 /* ViewController.swift in Sources */ = {isa = PBXBuildFile; fileRef = 045629BE1E883E8C00BAF949 /* ViewController.swift */; };
		045629C21E883E8C00BAF949 /* Main.storyboard in Resources */ = {isa = PBXBuildFile; fileRef = 045629C01E883E8C00BAF949 /* Main.storyboard */; };
		045629C41E883E8C00BAF949 /* Assets.xcassets in Resources */ = {isa = PBXBuildFile; fileRef = 045629C31E883E8C00BAF949 /* Assets.xcassets */; };
		045629C71E883E8C00BAF949 /* LaunchScreen.storyboard in Resources */ = {isa = PBXBuildFile; fileRef = 045629C51E883E8C00BAF949 /* LaunchScreen.storyboard */; };
		04CED4BE1E8845CE00FE5F1F /* PermissionScope.framework in Frameworks */ = {isa = PBXBuildFile; fileRef = 04CED4BD1E8845CE00FE5F1F /* PermissionScope.framework */; };
		04CED4C41E8846EB00FE5F1F /* Location.swift in Sources */ = {isa = PBXBuildFile; fileRef = 04CED4C31E8846EB00FE5F1F /* Location.swift */; };
		04CED4C61E8848E000FE5F1F /* Reachability.swift in Sources */ = {isa = PBXBuildFile; fileRef = 04CED4C51E8848E000FE5F1F /* Reachability.swift */; };
/* End PBXBuildFile section */

/* Begin PBXFileReference section */
		045629B91E883E8C00BAF949 /* Smart Wifi Toggler.app */ = {isa = PBXFileReference; explicitFileType = wrapper.application; includeInIndex = 0; path = "Smart Wifi Toggler.app"; sourceTree = BUILT_PRODUCTS_DIR; };
		045629BC1E883E8C00BAF949 /* AppDelegate.swift */ = {isa = PBXFileReference; lastKnownFileType = sourcecode.swift; path = AppDelegate.swift; sourceTree = "<group>"; };
		045629BE1E883E8C00BAF949 /* ViewController.swift */ = {isa = PBXFileReference; lastKnownFileType = sourcecode.swift; path = ViewController.swift; sourceTree = "<group>"; };
		045629C11E883E8C00BAF949 /* Base */ = {isa = PBXFileReference; lastKnownFileType = file.storyboard; name = Base; path = Base.lproj/Main.storyboard; sourceTree = "<group>"; };
		045629C31E883E8C00BAF949 /* Assets.xcassets */ = {isa = PBXFileReference; lastKnownFileType = folder.assetcatalog; path = Assets.xcassets; sourceTree = "<group>"; };
		045629C61E883E8C00BAF949 /* Base */ = {isa = PBXFileReference; lastKnownFileType = file.storyboard; name = Base; path = Base.lproj/LaunchScreen.storyboard; sourceTree = "<group>"; };
		045629C81E883E8C00BAF949 /* Info.plist */ = {isa = PBXFileReference; lastKnownFileType = text.plist.xml; path = Info.plist; sourceTree = "<group>"; };
		04CED4BD1E8845CE00FE5F1F /* PermissionScope.framework */ = {isa = PBXFileReference; lastKnownFileType = wrapper.framework; name = PermissionScope.framework; path = Carthage/Build/iOS/PermissionScope.framework; sourceTree = "<group>"; };
		04CED4C31E8846EB00FE5F1F /* Location.swift */ = {isa = PBXFileReference; fileEncoding = 4; lastKnownFileType = sourcecode.swift; path = Location.swift; sourceTree = "<group>"; };
		04CED4C51E8848E000FE5F1F /* Reachability.swift */ = {isa = PBXFileReference; fileEncoding = 4; lastKnownFileType = sourcecode.swift; path = Reachability.swift; sourceTree = "<group>"; };
/* End PBXFileReference section */

/* Begin PBXFrameworksBuildPhase section */
		045629B61E883E8B00BAF949 /* Frameworks */ = {
			isa = PBXFrameworksBuildPhase;
			buildActionMask = 2147483647;
			files = (
				04CED4BE1E8845CE00FE5F1F /* PermissionScope.framework in Frameworks */,
			);
			runOnlyForDeploymentPostprocessing = 0;
		};
/* End PBXFrameworksBuildPhase section */

/* Begin PBXGroup section */
		045629B01E883E8B00BAF949 = {
			isa = PBXGroup;
			children = (
				045629BB1E883E8C00BAF949 /* Smart Wifi Toggler */,
				045629BA1E883E8C00BAF949 /* Products */,
				04CED4BC1E8845CE00FE5F1F /* Frameworks */,
			);
			sourceTree = "<group>";
		};
		045629BA1E883E8C00BAF949 /* Products */ = {
			isa = PBXGroup;
			children = (
				045629B91E883E8C00BAF949 /* Smart Wifi Toggler.app */,
			);
			name = Products;
			sourceTree = "<group>";
		};
		045629BB1E883E8C00BAF949 /* Smart Wifi Toggler */ = {
			isa = PBXGroup;
			children = (
				045629BC1E883E8C00BAF949 /* AppDelegate.swift */,
				04CED4C31E8846EB00FE5F1F /* Location.swift */,
				045629BE1E883E8C00BAF949 /* ViewController.swift */,
				045629C01E883E8C00BAF949 /* Main.storyboard */,
				04CED4C71E8848FF00FE5F1F /* 3rd Party */,
				045629C31E883E8C00BAF949 /* Assets.xcassets */,
				045629C51E883E8C00BAF949 /* LaunchScreen.storyboard */,
				045629C81E883E8C00BAF949 /* Info.plist */,
			);
			path = "Smart Wifi Toggler";
			sourceTree = "<group>";
		};
		04CED4BC1E8845CE00FE5F1F /* Frameworks */ = {
			isa = PBXGroup;
			children = (
				04CED4BD1E8845CE00FE5F1F /* PermissionScope.framework */,
			);
			name = Frameworks;
			sourceTree = "<group>";
		};
		04CED4C71E8848FF00FE5F1F /* 3rd Party */ = {
			isa = PBXGroup;
			children = (
				04CED4C51E8848E000FE5F1F /* Reachability.swift */,
			);
			name = "3rd Party";
			sourceTree = "<group>";
		};
/* End PBXGroup section */

/* Begin PBXNativeTarget section */
		045629B81E883E8B00BAF949 /* Smart Wifi Toggler */ = {
			isa = PBXNativeTarget;
			buildConfigurationList = 045629CB1E883E8C00BAF949 /* Build configuration list for PBXNativeTarget "Smart Wifi Toggler" */;
			buildPhases = (
				045629B51E883E8B00BAF949 /* Sources */,
				045629B61E883E8B00BAF949 /* Frameworks */,
				045629B71E883E8B00BAF949 /* Resources */,
				04CED4C01E8845ED00FE5F1F /* ShellScript */,
			);
			buildRules = (
			);
			dependencies = (
			);
			name = "Smart Wifi Toggler";
			productName = "Smart Wifi Toggler";
			productReference = 045629B91E883E8C00BAF949 /* Smart Wifi Toggler.app */;
			productType = "com.apple.product-type.application";
		};
/* End PBXNativeTarget section */

/* Begin PBXProject section */
		045629B11E883E8B00BAF949 /* Project object */ = {
			isa = PBXProject;
			attributes = {
				LastSwiftUpdateCheck = 0820;
				LastUpgradeCheck = 0820;
				ORGANIZATIONNAME = "Jack lightbody";
				TargetAttributes = {
					045629B81E883E8B00BAF949 = {
						CreatedOnToolsVersion = 8.2.1;
						DevelopmentTeam = 73WHT8U62X;
						ProvisioningStyle = Automatic;
					};
				};
			};
			buildConfigurationList = 045629B41E883E8B00BAF949 /* Build configuration list for PBXProject "Smart Wifi Toggler" */;
			compatibilityVersion = "Xcode 3.2";
			developmentRegion = English;
			hasScannedForEncodings = 0;
			knownRegions = (
				en,
				Base,
			);
			mainGroup = 045629B01E883E8B00BAF949;
			productRefGroup = 045629BA1E883E8C00BAF949 /* Products */;
			projectDirPath = "";
			projectRoot = "";
			targets = (
				045629B81E883E8B00BAF949 /* Smart Wifi Toggler */,
			);
		};
/* End PBXProject section */

/* Begin PBXResourcesBuildPhase section */
		045629B71E883E8B00BAF949 /* Resources */ = {
			isa = PBXResourcesBuildPhase;
			buildActionMask = 2147483647;
			files = (
				045629C71E883E8C00BAF949 /* LaunchScreen.storyboard in Resources */,
				045629C41E883E8C00BAF949 /* Assets.xcassets in Resources */,
				045629C21E883E8C00BAF949 /* Main.storyboard in Resources */,
			);
			runOnlyForDeploymentPostprocessing = 0;
		};
/* End PBXResourcesBuildPhase section */

/* Begin PBXShellScriptBuildPhase section */
		04CED4C01E8845ED00FE5F1F /* ShellScript */ = {
			isa = PBXShellScriptBuildPhase;
			buildActionMask = 2147483647;
			files = (
			);
			inputPaths = (
				"$(SRCROOT)/Carthage/Build/iOS/PermissionScope.framework",
			);
			outputPaths = (
			);
			runOnlyForDeploymentPostprocessing = 0;
			shellPath = /bin/sh;
			shellScript = "/usr/local/bin/carthage copy-frameworks";
		};
/* End PBXShellScriptBuildPhase section */

/* Begin PBXSourcesBuildPhase section */
		045629B51E883E8B00BAF949 /* Sources */ = {
			isa = PBXSourcesBuildPhase;
			buildActionMask = 2147483647;
			files = (
				045629BF1E883E8C00BAF949 /* ViewController.swift in Sources */,
				04CED4C41E8846EB00FE5F1F /* Location.swift in Sources */,
				04CED4C61E8848E000FE5F1F /* Reachability.swift in Sources */,
				045629BD1E883E8C00BAF949 /* AppDelegate.swift in Sources */,
			);
			runOnlyForDeploymentPostprocessing = 0;
		};
/* End PBXSourcesBuildPhase section */

/* Begin PBXVariantGroup section */
		045629C01E883E8C00BAF949 /* Main.storyboard */ = {
			isa = PBXVariantGroup;
			children = (
				045629C11E883E8C00BAF949 /* Base */,
			);
			name = Main.storyboard;
			sourceTree = "<group>";
		};
		045629C51E883E8C00BAF949 /* LaunchScreen.storyboard */ = {
			isa = PBXVariantGroup;
			children = (
				045629C61E883E8C00BAF949 /* Base */,
			);
			name = LaunchScreen.storyboard;
			sourceTree = "<group>";
		};
/* End PBXVariantGroup section */

/* Begin XCBuildConfiguration section */
		045629C91E883E8C00BAF949 /* Debug */ = {
			isa = XCBuildConfiguration;
			buildSettings = {
				ALWAYS_SEARCH_USER_PATHS = NO;
				CLANG_ANALYZER_NONNULL = YES;
				CLANG_CXX_LANGUAGE_STANDARD = "gnu++0x";
				CLANG_CXX_LIBRARY = "libc++";
				CLANG_ENABLE_MODULES = YES;
				CLANG_ENABLE_OBJC_ARC = YES;
				CLANG_WARN_BOOL_CONVERSION = YES;
				CLANG_WARN_CONSTANT_CONVERSION = YES;
				CLANG_WARN_DIRECT_OBJC_ISA_USAGE = YES_ERROR;
				CLANG_WARN_DOCUMENTATION_COMMENTS = YES;
				CLANG_WARN_EMPTY_BODY = YES;
				CLANG_WARN_ENUM_CONVERSION = YES;
				CLANG_WARN_INFINITE_RECURSION = YES;
				CLANG_WARN_INT_CONVERSION = YES;
				CLANG_WARN_OBJC_ROOT_CLASS = YES_ERROR;
				CLANG_WARN_SUSPICIOUS_MOVE = YES;
				CLANG_WARN_UNREACHABLE_CODE = YES;
				CLANG_WARN__DUPLICATE_METHOD_MATCH = YES;
				"CODE_SIGN_IDENTITY[sdk=iphoneos*]" = "iPhone Developer";
				COPY_PHASE_STRIP = NO;
				DEBUG_INFORMATION_FORMAT = dwarf;
				ENABLE_STRICT_OBJC_MSGSEND = YES;
				ENABLE_TESTABILITY = YES;
				GCC_C_LANGUAGE_STANDARD = gnu99;
				GCC_DYNAMIC_NO_PIC = NO;
				GCC_NO_COMMON_BLOCKS = YES;
				GCC_OPTIMIZATION_LEVEL = 0;
				GCC_PREPROCESSOR_DEFINITIONS = (
					"DEBUG=1",
					"$(inherited)",
				);
				GCC_WARN_64_TO_32_BIT_CONVERSION = YES;
				GCC_WARN_ABOUT_RETURN_TYPE = YES_ERROR;
				GCC_WARN_UNDECLARED_SELECTOR = YES;
				GCC_WARN_UNINITIALIZED_AUTOS = YES_AGGRESSIVE;
				GCC_WARN_UNUSED_FUNCTION = YES;
				GCC_WARN_UNUSED_VARIABLE = YES;
				IPHONEOS_DEPLOYMENT_TARGET = 10.2;
				MTL_ENABLE_DEBUG_INFO = YES;
				ONLY_ACTIVE_ARCH = YES;
				SDKROOT = iphoneos;
				SWIFT_ACTIVE_COMPILATION_CONDITIONS = DEBUG;
				SWIFT_OPTIMIZATION_LEVEL = "-Onone";
				TARGETED_DEVICE_FAMILY = "1,2";
			};
			name = Debug;
		};
		045629CA1E883E8C00BAF949 /* Release */ = {
			isa = XCBuildConfiguration;
			buildSettings = {
				ALWAYS_SEARCH_USER_PATHS = NO;
				CLANG_ANALYZER_NONNULL = YES;
				CLANG_CXX_LANGUAGE_STANDARD = "gnu++0x";
				CLANG_CXX_LIBRARY = "libc++";
				CLANG_ENABLE_MODULES = YES;
				CLANG_ENABLE_OBJC_ARC = YES;
				CLANG_WARN_BOOL_CONVERSION = YES;
				CLANG_WARN_CONSTANT_CONVERSION = YES;
				CLANG_WARN_DIRECT_OBJC_ISA_USAGE = YES_ERROR;
				CLANG_WARN_DOCUMENTATION_COMMENTS = YES;
				CLANG_WARN_EMPTY_BODY = YES;
				CLANG_WARN_ENUM_CONVERSION = YES;
				CLANG_WARN_INFINITE_RECURSION = YES;
				CLANG_WARN_INT_CONVERSION = YES;
				CLANG_WARN_OBJC_ROOT_CLASS = YES_ERROR;
				CLANG_WARN_SUSPICIOUS_MOVE = YES;
				CLANG_WARN_UNREACHABLE_CODE = YES;
				CLANG_WARN__DUPLICATE_METHOD_MATCH = YES;
				"CODE_SIGN_IDENTITY[sdk=iphoneos*]" = "iPhone Developer";
				COPY_PHASE_STRIP = NO;
				DEBUG_INFORMATION_FORMAT = "dwarf-with-dsym";
				ENABLE_NS_ASSERTIONS = NO;
				ENABLE_STRICT_OBJC_MSGSEND = YES;
				GCC_C_LANGUAGE_STANDARD = gnu99;
				GCC_NO_COMMON_BLOCKS = YES;
				GCC_WARN_64_TO_32_BIT_CONVERSION = YES;
				GCC_WARN_ABOUT_RETURN_TYPE = YES_ERROR;
				GCC_WARN_UNDECLARED_SELECTOR = YES;
				GCC_WARN_UNINITIALIZED_AUTOS = YES_AGGRESSIVE;
				GCC_WARN_UNUSED_FUNCTION = YES;
				GCC_WARN_UNUSED_VARIABLE = YES;
				IPHONEOS_DEPLOYMENT_TARGET = 10.2;
				MTL_ENABLE_DEBUG_INFO = NO;
				SDKROOT = iphoneos;
				SWIFT_OPTIMIZATION_LEVEL = "-Owholemodule";
				TARGETED_DEVICE_FAMILY = "1,2";
				VALIDATE_PRODUCT = YES;
			};
			name = Release;
		};
		045629CC1E883E8C00BAF949 /* Debug */ = {
			isa = XCBuildConfiguration;
			buildSettings = {
				ASSETCATALOG_COMPILER_APPICON_NAME = AppIcon;
				DEVELOPMENT_TEAM = 73WHT8U62X;
				FRAMEWORK_SEARCH_PATHS = (
					"$(inherited)",
					"$(PROJECT_DIR)/Carthage/Build/iOS",
				);
				INFOPLIST_FILE = "Smart Wifi Toggler/Info.plist";
				LD_RUNPATH_SEARCH_PATHS = "$(inherited) @executable_path/Frameworks";
				PRODUCT_BUNDLE_IDENTIFIER = "com.jacklightbody.Smart-Wifi-Toggler";
				PRODUCT_NAME = "$(TARGET_NAME)";
				SWIFT_VERSION = 3.0;
			};
			name = Debug;
		};
		045629CD1E883E8C00BAF949 /* Release */ = {
			isa = XCBuildConfiguration;
			buildSettings = {
				ASSETCATALOG_COMPILER_APPICON_NAME = AppIcon;
				DEVELOPMENT_TEAM = 73WHT8U62X;
				FRAMEWORK_SEARCH_PATHS = (
					"$(inherited)",
					"$(PROJECT_DIR)/Carthage/Build/iOS",
				);
				INFOPLIST_FILE = "Smart Wifi Toggler/Info.plist";
				LD_RUNPATH_SEARCH_PATHS = "$(inherited) @executable_path/Frameworks";
				PRODUCT_BUNDLE_IDENTIFIER = "com.jacklightbody.Smart-Wifi-Toggler";
				PRODUCT_NAME = "$(TARGET_NAME)";
				SWIFT_VERSION = 3.0;
			};
			name = Release;
		};
/* End XCBuildConfiguration section */

/* Begin XCConfigurationList section */
		045629B41E883E8B00BAF949 /* Build configuration list for PBXProject "Smart Wifi Toggler" */ = {
			isa = XCConfigurationList;
			buildConfigurations = (
				045629C91E883E8C00BAF949 /* Debug */,
				045629CA1E883E8C00BAF949 /* Release */,
			);
			defaultConfigurationIsVisible = 0;
			defaultConfigurationName = Release;
		};
		045629CB1E883E8C00BAF949 /* Build configuration list for PBXNativeTarget "Smart Wifi Toggler" */ = {
			isa = XCConfigurationList;
			buildConfigurations = (
				045629CC1E883E8C00BAF949 /* Debug */,
				045629CD1E883E8C00BAF949 /* Release */,
			);
			defaultConfigurationIsVisible = 0;
			defaultConfigurationName = Release;
		};
/* End XCConfigurationList section */
	};
	rootObject = 045629B11E883E8B00BAF949 /* Project object */;
}
